// !$*UTF8*$!
{
	archiveVersion = 1;
	classes = {
	};
	objectVersion = 46;
	objects = {

/* Begin PBXBuildFile section */
		BE9F13F11ACEDD4F00020F06 /* AppDelegate.swift in Sources */ = {isa = PBXBuildFile; fileRef = BE9F13F01ACEDD4F00020F06 /* AppDelegate.swift */; };
		BE9F13F31ACEDD4F00020F06 /* ViewController.swift in Sources */ = {isa = PBXBuildFile; fileRef = BE9F13F21ACEDD4F00020F06 /* ViewController.swift */; };
		BE9F13F61ACEDD4F00020F06 /* Main.storyboard in Resources */ = {isa = PBXBuildFile; fileRef = BE9F13F41ACEDD4F00020F06 /* Main.storyboard */; };
		BE9F13F81ACEDD4F00020F06 /* Images.xcassets in Resources */ = {isa = PBXBuildFile; fileRef = BE9F13F71ACEDD4F00020F06 /* Images.xcassets */; };
		BE9F13FB1ACEDD4F00020F06 /* LaunchScreen.xib in Resources */ = {isa = PBXBuildFile; fileRef = BE9F13F91ACEDD4F00020F06 /* LaunchScreen.xib */; };
		BE9F14071ACEDD4F00020F06 /* project_1Tests.swift in Sources */ = {isa = PBXBuildFile; fileRef = BE9F14061ACEDD4F00020F06 /* project_1Tests.swift */; };
		BE9F14121ACEE33A00020F06 /* Unknown.jpg in Resources */ = {isa = PBXBuildFile; fileRef = BE9F14101ACEE33A00020F06 /* Unknown.jpg */; };
		BE9F14131ACEE33A00020F06 /* a3665280869_10.jpg in Resources */ = {isa = PBXBuildFile; fileRef = BE9F14111ACEE33A00020F06 /* a3665280869_10.jpg */; };
/* End PBXBuildFile section */

/* Begin PBXContainerItemProxy section */
		BE9F14011ACEDD4F00020F06 /* PBXContainerItemProxy */ = {
			isa = PBXContainerItemProxy;
			containerPortal = BE9F13E31ACEDD4F00020F06 /* Project object */;
			proxyType = 1;
			remoteGlobalIDString = BE9F13EA1ACEDD4F00020F06;
			remoteInfo = "project 1";
		};
/* End PBXContainerItemProxy section */

/* Begin PBXFileReference section */
		BE9F13EB1ACEDD4F00020F06 /* project 1.app */ = {isa = PBXFileReference; explicitFileType = wrapper.application; includeInIndex = 0; path = "project 1.app"; sourceTree = BUILT_PRODUCTS_DIR; };
		BE9F13EF1ACEDD4F00020F06 /* Info.plist */ = {isa = PBXFileReference; lastKnownFileType = text.plist.xml; path = Info.plist; sourceTree = "<group>"; };
		BE9F13F01ACEDD4F00020F06 /* AppDelegate.swift */ = {isa = PBXFileReference; lastKnownFileType = sourcecode.swift; path = AppDelegate.swift; sourceTree = "<group>"; };
		BE9F13F21ACEDD4F00020F06 /* ViewController.swift */ = {isa = PBXFileReference; lastKnownFileType = sourcecode.swift; path = ViewController.swift; sourceTree = "<group>"; };
		BE9F13F51ACEDD4F00020F06 /* Base */ = {isa = PBXFileReference; lastKnownFileType = file.storyboard; name = Base; path = Base.lproj/Main.storyboard; sourceTree = "<group>"; };
		BE9F13F71ACEDD4F00020F06 /* Images.xcassets */ = {isa = PBXFileReference; lastKnownFileType = folder.assetcatalog; path = Images.xcassets; sourceTree = "<group>"; };
		BE9F13FA1ACEDD4F00020F06 /* Base */ = {isa = PBXFileReference; lastKnownFileType = file.xib; name = Base; path = Base.lproj/LaunchScreen.xib; sourceTree = "<group>"; };
		BE9F14001ACEDD4F00020F06 /* project 1Tests.xctest */ = {isa = PBXFileReference; explicitFileType = wrapper.cfbundle; includeInIndex = 0; path = "project 1Tests.xctest"; sourceTree = BUILT_PRODUCTS_DIR; };
		BE9F14051ACEDD4F00020F06 /* Info.plist */ = {isa = PBXFileReference; lastKnownFileType = text.plist.xml; path = Info.plist; sourceTree = "<group>"; };
		BE9F14061ACEDD4F00020F06 /* project_1Tests.swift */ = {isa = PBXFileReference; lastKnownFileType = sourcecode.swift; path = project_1Tests.swift; sourceTree = "<group>"; };
		BE9F14101ACEE33A00020F06 /* Unknown.jpg */ = {isa = PBXFileReference; lastKnownFileType = image.jpeg; path = Unknown.jpg; sourceTree = "<group>"; };
		BE9F14111ACEE33A00020F06 /* a3665280869_10.jpg */ = {isa = PBXFileReference; lastKnownFileType = image.jpeg; path = a3665280869_10.jpg; sourceTree = "<group>"; };
/* End PBXFileReference section */

/* Begin PBXFrameworksBuildPhase section */
		BE9F13E81ACEDD4F00020F06 /* Frameworks */ = {
			isa = PBXFrameworksBuildPhase;
			buildActionMask = 2147483647;
			files = (
			);
			runOnlyForDeploymentPostprocessing = 0;
		};
		BE9F13FD1ACEDD4F00020F06 /* Frameworks */ = {
			isa = PBXFrameworksBuildPhase;
			buildActionMask = 2147483647;
			files = (
			);
			runOnlyForDeploymentPostprocessing = 0;
		};
/* End PBXFrameworksBuildPhase section */

/* Begin PBXGroup section */
		BE9F13E21ACEDD4F00020F06 = {
			isa = PBXGroup;
			children = (
				BE9F13ED1ACEDD4F00020F06 /* project 1 */,
				BE9F14031ACEDD4F00020F06 /* project 1Tests */,
				BE9F13EC1ACEDD4F00020F06 /* Products */,
			);
			sourceTree = "<group>";
		};
		BE9F13EC1ACEDD4F00020F06 /* Products */ = {
			isa = PBXGroup;
			children = (
				BE9F13EB1ACEDD4F00020F06 /* project 1.app */,
				BE9F14001ACEDD4F00020F06 /* project 1Tests.xctest */,
			);
			name = Products;
			sourceTree = "<group>";
		};
		BE9F13ED1ACEDD4F00020F06 /* project 1 */ = {
			isa = PBXGroup;
			children = (
				BE9F13F01ACEDD4F00020F06 /* AppDelegate.swift */,
				BE9F13F21ACEDD4F00020F06 /* ViewController.swift */,
				BE9F13F41ACEDD4F00020F06 /* Main.storyboard */,
				BE9F13F71ACEDD4F00020F06 /* Images.xcassets */,
				BE9F13F91ACEDD4F00020F06 /* LaunchScreen.xib */,
				BE9F13EE1ACEDD4F00020F06 /* Supporting Files */,
			);
			path = "project 1";
			sourceTree = "<group>";
		};
		BE9F13EE1ACEDD4F00020F06 /* Supporting Files */ = {
			isa = PBXGroup;
			children = (
				BE9F14101ACEE33A00020F06 /* Unknown.jpg */,
				BE9F14111ACEE33A00020F06 /* a3665280869_10.jpg */,
				BE9F13EF1ACEDD4F00020F06 /* Info.plist */,
			);
			name = "Supporting Files";
			sourceTree = "<group>";
		};
		BE9F14031ACEDD4F00020F06 /* project 1Tests */ = {
			isa = PBXGroup;
			children = (
				BE9F14061ACEDD4F00020F06 /* project_1Tests.swift */,
				BE9F14041ACEDD4F00020F06 /* Supporting Files */,
			);
			path = "project 1Tests";
			sourceTree = "<group>";
		};
		BE9F14041ACEDD4F00020F06 /* Supporting Files */ = {
			isa = PBXGroup;
			children = (
				BE9F14051ACEDD4F00020F06 /* Info.plist */,
			);
			name = "Supporting Files";
			sourceTree = "<group>";
		};
/* End PBXGroup section */

/* Begin PBXNativeTarget section */
		BE9F13EA1ACEDD4F00020F06 /* project 1 */ = {
			isa = PBXNativeTarget;
			buildConfigurationList = BE9F140A1ACEDD4F00020F06 /* Build configuration list for PBXNativeTarget "project 1" */;
			buildPhases = (
				BE9F13E71ACEDD4F00020F06 /* Sources */,
				BE9F13E81ACEDD4F00020F06 /* Frameworks */,
				BE9F13E91ACEDD4F00020F06 /* Resources */,
			);
			buildRules = (
			);
			dependencies = (
			);
			name = "project 1";
			productName = "project 1";
			productReference = BE9F13EB1ACEDD4F00020F06 /* project 1.app */;
			productType = "com.apple.product-type.application";
		};
		BE9F13FF1ACEDD4F00020F06 /* project 1Tests */ = {
			isa = PBXNativeTarget;
			buildConfigurationList = BE9F140D1ACEDD4F00020F06 /* Build configuration list for PBXNativeTarget "project 1Tests" */;
			buildPhases = (
				BE9F13FC1ACEDD4F00020F06 /* Sources */,
				BE9F13FD1ACEDD4F00020F06 /* Frameworks */,
				BE9F13FE1ACEDD4F00020F06 /* Resources */,
			);
			buildRules = (
			);
			dependencies = (
				BE9F14021ACEDD4F00020F06 /* PBXTargetDependency */,
			);
			name = "project 1Tests";
			productName = "project 1Tests";
			productReference = BE9F14001ACEDD4F00020F06 /* project 1Tests.xctest */;
			productType = "com.apple.product-type.bundle.unit-test";
		};
/* End PBXNativeTarget section */

/* Begin PBXProject section */
		BE9F13E31ACEDD4F00020F06 /* Project object */ = {
			isa = PBXProject;
			attributes = {
				LastUpgradeCheck = 0620;
				ORGANIZATIONNAME = disk_;
				TargetAttributes = {
					BE9F13EA1ACEDD4F00020F06 = {
						CreatedOnToolsVersion = 6.2;
					};
					BE9F13FF1ACEDD4F00020F06 = {
						CreatedOnToolsVersion = 6.2;
						TestTargetID = BE9F13EA1ACEDD4F00020F06;
					};
				};
			};
			buildConfigurationList = BE9F13E61ACEDD4F00020F06 /* Build configuration list for PBXProject "project 1" */;
			compatibilityVersion = "Xcode 3.2";
			developmentRegion = English;
			hasScannedForEncodings = 0;
			knownRegions = (
				en,
				Base,
			);
			mainGroup = BE9F13E21ACEDD4F00020F06;
			productRefGroup = BE9F13EC1ACEDD4F00020F06 /* Products */;
			projectDirPath = "";
			projectRoot = "";
			targets = (
				BE9F13EA1ACEDD4F00020F06 /* project 1 */,
				BE9F13FF1ACEDD4F00020F06 /* project 1Tests */,
			);
		};
/* End PBXProject section */

/* Begin PBXResourcesBuildPhase section */
		BE9F13E91ACEDD4F00020F06 /* Resources */ = {
			isa = PBXResourcesBuildPhase;
			buildActionMask = 2147483647;
			files = (
				BE9F14131ACEE33A00020F06 /* a3665280869_10.jpg in Resources */,
				BE9F13F61ACEDD4F00020F06 /* Main.storyboard in Resources */,
				BE9F13FB1ACEDD4F00020F06 /* LaunchScreen.xib in Resources */,
				BE9F14121ACEE33A00020F06 /* Unknown.jpg in Resources */,
				BE9F13F81ACEDD4F00020F06 /* Images.xcassets in Resources */,
			);
			runOnlyForDeploymentPostprocessing = 0;
		};
		BE9F13FE1ACEDD4F00020F06 /* Resources */ = {
			isa = PBXResourcesBuildPhase;
			buildActionMask = 2147483647;
			files = (
			);
			runOnlyForDeploymentPostprocessing = 0;
		};
/* End PBXResourcesBuildPhase section */

/* Begin PBXSourcesBuildPhase section */
		BE9F13E71ACEDD4F00020F06 /* Sources */ = {
			isa = PBXSourcesBuildPhase;
			buildActionMask = 2147483647;
			files = (
				BE9F13F31ACEDD4F00020F06 /* ViewController.swift in Sources */,
				BE9F13F11ACEDD4F00020F06 /* AppDelegate.swift in Sources */,
			);
			runOnlyForDeploymentPostprocessing = 0;
		};
		BE9F13FC1ACEDD4F00020F06 /* Sources */ = {
			isa = PBXSourcesBuildPhase;
			buildActionMask = 2147483647;
			files = (
				BE9F14071ACEDD4F00020F06 /* project_1Tests.swift in Sources */,
			);
			runOnlyForDeploymentPostprocessing = 0;
		};
/* End PBXSourcesBuildPhase section */

/* Begin PBXTargetDependency section */
		BE9F14021ACEDD4F00020F06 /* PBXTargetDependency */ = {
			isa = PBXTargetDependency;
			target = BE9F13EA1ACEDD4F00020F06 /* project 1 */;
			targetProxy = BE9F14011ACEDD4F00020F06 /* PBXContainerItemProxy */;
		};
/* End PBXTargetDependency section */

/* Begin PBXVariantGroup section */
		BE9F13F41ACEDD4F00020F06 /* Main.storyboard */ = {
			isa = PBXVariantGroup;
			children = (
				BE9F13F51ACEDD4F00020F06 /* Base */,
			);
			name = Main.storyboard;
			sourceTree = "<group>";
		};
		BE9F13F91ACEDD4F00020F06 /* LaunchScreen.xib */ = {
			isa = PBXVariantGroup;
			children = (
				BE9F13FA1ACEDD4F00020F06 /* Base */,
			);
			name = LaunchScreen.xib;
			sourceTree = "<group>";
		};
/* End PBXVariantGroup section */

/* Begin XCBuildConfiguration section */
		BE9F14081ACEDD4F00020F06 /* Debug */ = {
			isa = XCBuildConfiguration;
			buildSettings = {
				ALWAYS_SEARCH_USER_PATHS = NO;
				CLANG_CXX_LANGUAGE_STANDARD = "gnu++0x";
				CLANG_CXX_LIBRARY = "libc++";
				CLANG_ENABLE_MODULES = YES;
				CLANG_ENABLE_OBJC_ARC = YES;
				CLANG_WARN_BOOL_CONVERSION = YES;
				CLANG_WARN_CONSTANT_CONVERSION = YES;
				CLANG_WARN_DIRECT_OBJC_ISA_USAGE = YES_ERROR;
				CLANG_WARN_EMPTY_BODY = YES;
				CLANG_WARN_ENUM_CONVERSION = YES;
				CLANG_WARN_INT_CONVERSION = YES;
				CLANG_WARN_OBJC_ROOT_CLASS = YES_ERROR;
				CLANG_WARN_UNREACHABLE_CODE = YES;
				CLANG_WARN__DUPLICATE_METHOD_MATCH = YES;
				"CODE_SIGN_IDENTITY[sdk=iphoneos*]" = "iPhone Developer";
				COPY_PHASE_STRIP = NO;
				ENABLE_STRICT_OBJC_MSGSEND = YES;
				GCC_C_LANGUAGE_STANDARD = gnu99;
				GCC_DYNAMIC_NO_PIC = NO;
				GCC_OPTIMIZATION_LEVEL = 0;
				GCC_PREPROCESSOR_DEFINITIONS = (
					"DEBUG=1",
					"$(inherited)",
				);
				GCC_SYMBOLS_PRIVATE_EXTERN = NO;
				GCC_WARN_64_TO_32_BIT_CONVERSION = YES;
				GCC_WARN_ABOUT_RETURN_TYPE = YES_ERROR;
				GCC_WARN_UNDECLARED_SELECTOR = YES;
				GCC_WARN_UNINITIALIZED_AUTOS = YES_AGGRESSIVE;
				GCC_WARN_UNUSED_FUNCTION = YES;
				GCC_WARN_UNUSED_VARIABLE = YES;
				IPHONEOS_DEPLOYMENT_TARGET = 8.2;
				MTL_ENABLE_DEBUG_INFO = YES;
				ONLY_ACTIVE_ARCH = YES;
				SDKROOT = iphoneos;
				SWIFT_OPTIMIZATION_LEVEL = "-Onone";
				TARGETED_DEVICE_FAMILY = "1,2";
			};
			name = Debug;
		};
		BE9F14091ACEDD4F00020F06 /* Release */ = {
			isa = XCBuildConfiguration;
			buildSettings = {
				ALWAYS_SEARCH_USER_PATHS = NO;
				CLANG_CXX_LANGUAGE_STANDARD = "gnu++0x";
				CLANG_CXX_LIBRARY = "libc++";
				CLANG_ENABLE_MODULES = YES;
				CLANG_ENABLE_OBJC_ARC = YES;
				CLANG_WARN_BOOL_CONVERSION = YES;
				CLANG_WARN_CONSTANT_CONVERSION = YES;
				CLANG_WARN_DIRECT_OBJC_ISA_USAGE = YES_ERROR;
				CLANG_WARN_EMPTY_BODY = YES;
				CLANG_WARN_ENUM_CONVERSION = YES;
				CLANG_WARN_INT_CONVERSION = YES;
				CLANG_WARN_OBJC_ROOT_CLASS = YES_ERROR;
				CLANG_WARN_UNREACHABLE_CODE = YES;
				CLANG_WARN__DUPLICATE_METHOD_MATCH = YES;
				"CODE_SIGN_IDENTITY[sdk=iphoneos*]" = "iPhone Developer";
				COPY_PHASE_STRIP = NO;
				ENABLE_NS_ASSERTIONS = NO;
				ENABLE_STRICT_OBJC_MSGSEND = YES;
				GCC_C_LANGUAGE_STANDARD = gnu99;
				GCC_WARN_64_TO_32_BIT_CONVERSION = YES;
				GCC_WARN_ABOUT_RETURN_TYPE = YES_ERROR;
				GCC_WARN_UNDECLARED_SELECTOR = YES;
				GCC_WARN_UNINITIALIZED_AUTOS = YES_AGGRESSIVE;
				GCC_WARN_UNUSED_FUNCTION = YES;
				GCC_WARN_UNUSED_VARIABLE = YES;
				IPHONEOS_DEPLOYMENT_TARGET = 8.2;
				MTL_ENABLE_DEBUG_INFO = NO;
				SDKROOT = iphoneos;
				TARGETED_DEVICE_FAMILY = "1,2";
				VALIDATE_PRODUCT = YES;
			};
			name = Release;
		};
		BE9F140B1ACEDD4F00020F06 /* Debug */ = {
			isa = XCBuildConfiguration;
			buildSettings = {
				ASSETCATALOG_COMPILER_APPICON_NAME = AppIcon;
				INFOPLIST_FILE = "project 1/Info.plist";
				LD_RUNPATH_SEARCH_PATHS = "$(inherited) @executable_path/Frameworks";
				PRODUCT_NAME = "$(TARGET_NAME)";
			};
			name = Debug;
		};
		BE9F140C1ACEDD4F00020F06 /* Release */ = {
			isa = XCBuildConfiguration;
			buildSettings = {
				ASSETCATALOG_COMPILER_APPICON_NAME = AppIcon;
				INFOPLIST_FILE = "project 1/Info.plist";
				LD_RUNPATH_SEARCH_PATHS = "$(inherited) @executable_path/Frameworks";
				PRODUCT_NAME = "$(TARGET_NAME)";
			};
			name = Release;
		};
		BE9F140E1ACEDD4F00020F06 /* Debug */ = {
			isa = XCBuildConfiguration;
			buildSettings = {
				BUNDLE_LOADER = "$(TEST_HOST)";
				FRAMEWORK_SEARCH_PATHS = (
					"$(SDKROOT)/Developer/Library/Frameworks",
					"$(inherited)",
				);
				GCC_PREPROCESSOR_DEFINITIONS = (
					"DEBUG=1",
					"$(inherited)",
				);
				INFOPLIST_FILE = "project 1Tests/Info.plist";
				LD_RUNPATH_SEARCH_PATHS = "$(inherited) @executable_path/Frameworks @loader_path/Frameworks";
				PRODUCT_NAME = "$(TARGET_NAME)";
				TEST_HOST = "$(BUILT_PRODUCTS_DIR)/project 1.app/project 1";
			};
			name = Debug;
		};
		BE9F140F1ACEDD4F00020F06 /* Release */ = {
			isa = XCBuildConfiguration;
			buildSettings = {
				BUNDLE_LOADER = "$(TEST_HOST)";
				FRAMEWORK_SEARCH_PATHS = (
					"$(SDKROOT)/Developer/Library/Frameworks",
					"$(inherited)",
				);
				INFOPLIST_FILE = "project 1Tests/Info.plist";
				LD_RUNPATH_SEARCH_PATHS = "$(inherited) @executable_path/Frameworks @loader_path/Frameworks";
				PRODUCT_NAME = "$(TARGET_NAME)";
				TEST_HOST = "$(BUILT_PRODUCTS_DIR)/project 1.app/project 1";
			};
			name = Release;
		};
/* End XCBuildConfiguration section */

/* Begin XCConfigurationList section */
		BE9F13E61ACEDD4F00020F06 /* Build configuration list for PBXProject "project 1" */ = {
			isa = XCConfigurationList;
			buildConfigurations = (
				BE9F14081ACEDD4F00020F06 /* Debug */,
				BE9F14091ACEDD4F00020F06 /* Release */,
			);
			defaultConfigurationIsVisible = 0;
			defaultConfigurationName = Release;
		};
		BE9F140A1ACEDD4F00020F06 /* Build configuration list for PBXNativeTarget "project 1" */ = {
			isa = XCConfigurationList;
			buildConfigurations = (
				BE9F140B1ACEDD4F00020F06 /* Debug */,
				BE9F140C1ACEDD4F00020F06 /* Release */,
			);
			defaultConfigurationIsVisible = 0;
		};
		BE9F140D1ACEDD4F00020F06 /* Build configuration list for PBXNativeTarget "project 1Tests" */ = {
			isa = XCConfigurationList;
			buildConfigurations = (
				BE9F140E1ACEDD4F00020F06 /* Debug */,
				BE9F140F1ACEDD4F00020F06 /* Release */,
			);
			defaultConfigurationIsVisible = 0;
		};
/* End XCConfigurationList section */
	};
	rootObject = BE9F13E31ACEDD4F00020F06 /* Project object */;
}
